
Microsoft Visual Studio Solution File, Format Version 12.00
# Visual Studio Version 16
VisualStudioVersion = 16.0.30320.27
MinimumVisualStudioVersion = 10.0.40219.1
Project("{F184B08F-C81C-45F6-A57F-5ABD9991F28F}") = "IPtables app", "IPtables app\IPtables app.vbproj", "{CCC9DC60-DA20-4676-89E4-A8051732F0CF}"
EndProject
Global
	GlobalSection(SolutionConfigurationPlatforms) = preSolution
		Debug|Any CPU = Debug|Any CPU
		Release|Any CPU = Release|Any CPU
	EndGlobalSection
	GlobalSection(ProjectConfigurationPlatforms) = postSolution
		{CCC9DC60-DA20-4676-89E4-A8051732F0CF}.Debug|Any CPU.ActiveCfg = Debug|Any CPU
		{CCC9DC60-DA20-4676-89E4-A8051732F0CF}.Debug|Any CPU.Build.0 = Debug|Any CPU
		{CCC9DC60-DA20-4676-89E4-A8051732F0CF}.Release|Any CPU.ActiveCfg = Release|Any CPU
		{CCC9DC60-DA20-4676-89E4-A8051732F0CF}.Release|Any CPU.Build.0 = Release|Any CPU
	EndGlobalSection
	GlobalSection(SolutionProperties) = preSolution
		HideSolutionNode = FALSE
	EndGlobalSection
	GlobalSection(ExtensibilityGlobals) = postSolution
		SolutionGuid = {CF5C3A2B-3469-4A7B-AC47-91B795439ECA}
	EndGlobalSection
EndGlobal
